Microsoft Visual Studio Solution File, Format Version 12.00
# Visual Studio Version 17
VisualStudioVersion = 17.5.2.0
MinimumVisualStudioVersion = 10.0.40219.1
Project("{FAE04EC0-301F-11D3-BF4B-00C04F79EFBC}") = "OnlineStore.API", "OnlineStore.API.csproj", "{09AC2ED7-7E61-4D69-54D9-B961C56F236A}"
EndProject
Global
	GlobalSection(SolutionConfigurationPlatforms) = preSolution
		Debug|Any CPU = Debug|Any CPU
		Release|Any CPU = Release|Any CPU
	EndGlobalSection
	GlobalSection(ProjectConfigurationPlatforms) = postSolution
		{09AC2ED7-7E61-4D69-54D9-B961C56F236A}.Debug|Any CPU.ActiveCfg = Debug|Any CPU
		{09AC2ED7-7E61-4D69-54D9-B961C56F236A}.Debug|Any CPU.Build.0 = Debug|Any CPU
		{09AC2ED7-7E61-4D69-54D9-B961C56F236A}.Release|Any CPU.ActiveCfg = Release|Any CPU
		{09AC2ED7-7E61-4D69-54D9-B961C56F236A}.Release|Any CPU.Build.0 = Release|Any CPU
	EndGlobalSection
	GlobalSection(SolutionProperties) = preSolution
		HideSolutionNode = FALSE
	EndGlobalSection
	GlobalSection(ExtensibilityGlobals) = postSolution
		SolutionGuid = {B7C80D9E-BF05-444F-B318-6230592E6242}
	EndGlobalSection
EndGlobal
